
Microsoft Visual Studio Solution File, Format Version 12.00
# Visual Studio 15
VisualStudioVersion = 15.0.28010.2036
MinimumVisualStudioVersion = 10.0.40219.1
Project("{FAE04EC0-301F-11D3-BF4B-00C04F79EFBC}") = "ConversorDecimal", "ConversorDecimal\ConversorDecimal.csproj", "{C44DC020-F85A-4B0D-988D-4A4D569CE8D2}"
EndProject
Global
	GlobalSection(SolutionConfigurationPlatforms) = preSolution
		Debug|Any CPU = Debug|Any CPU
		Release|Any CPU = Release|Any CPU
	EndGlobalSection
	GlobalSection(ProjectConfigurationPlatforms) = postSolution
		{C44DC020-F85A-4B0D-988D-4A4D569CE8D2}.Debug|Any CPU.ActiveCfg = Debug|Any CPU
		{C44DC020-F85A-4B0D-988D-4A4D569CE8D2}.Debug|Any CPU.Build.0 = Debug|Any CPU
		{C44DC020-F85A-4B0D-988D-4A4D569CE8D2}.Release|Any CPU.ActiveCfg = Release|Any CPU
		{C44DC020-F85A-4B0D-988D-4A4D569CE8D2}.Release|Any CPU.Build.0 = Release|Any CPU
	EndGlobalSection
	GlobalSection(SolutionProperties) = preSolution
		HideSolutionNode = FALSE
	EndGlobalSection
	GlobalSection(ExtensibilityGlobals) = postSolution
		SolutionGuid = {542B1314-D875-40B0-AE1D-02C468E93198}
	EndGlobalSection
EndGlobal
